
Microsoft Visual Studio Solution File, Format Version 12.00
# Visual Studio Version 17
VisualStudioVersion = 17.0.31912.275
MinimumVisualStudioVersion = 10.0.40219.1
Project("{FAE04EC0-301F-11D3-BF4B-00C04F79EFBC}") = "WpfStyletTabDemo", "WpfStyletTabDemo\WpfStyletTabDemo.csproj", "{BA3A0C9D-D048-496D-B6B6-93BF2E47AEDB}"
EndProject
Global
	GlobalSection(SolutionConfigurationPlatforms) = preSolution
		Debug|Any CPU = Debug|Any CPU
		Release|Any CPU = Release|Any CPU
	EndGlobalSection
	GlobalSection(ProjectConfigurationPlatforms) = postSolution
		{BA3A0C9D-D048-496D-B6B6-93BF2E47AEDB}.Debug|Any CPU.ActiveCfg = Debug|Any CPU
		{BA3A0C9D-D048-496D-B6B6-93BF2E47AEDB}.Debug|Any CPU.Build.0 = Debug|Any CPU
		{BA3A0C9D-D048-496D-B6B6-93BF2E47AEDB}.Release|Any CPU.ActiveCfg = Release|Any CPU
		{BA3A0C9D-D048-496D-B6B6-93BF2E47AEDB}.Release|Any CPU.Build.0 = Release|Any CPU
	EndGlobalSection
	GlobalSection(SolutionProperties) = preSolution
		HideSolutionNode = FALSE
	EndGlobalSection
	GlobalSection(ExtensibilityGlobals) = postSolution
		SolutionGuid = {24DA67B3-A2EE-4590-B52B-8B6975C680A0}
	EndGlobalSection
EndGlobal
